
Microsoft Visual Studio Solution File, Format Version 12.00
# Visual Studio Version 17
VisualStudioVersion = 17.14.36310.24 d17.14
MinimumVisualStudioVersion = 10.0.40219.1
Project("{FAE04EC0-301F-11D3-BF4B-00C04F79EFBC}") = "MauiApp1", "MauiApp1\MauiApp1.csproj", "{84D2EF2D-F132-4DA8-8F1E-18F1C8A86BB7}"
EndProject
Global
	GlobalSection(SolutionConfigurationPlatforms) = preSolution
		Debug|Any CPU = Debug|Any CPU
		Release|Any CPU = Release|Any CPU
	EndGlobalSection
	GlobalSection(ProjectConfigurationPlatforms) = postSolution
		{84D2EF2D-F132-4DA8-8F1E-18F1C8A86BB7}.Debug|Any CPU.ActiveCfg = Debug|Any CPU
		{84D2EF2D-F132-4DA8-8F1E-18F1C8A86BB7}.Debug|Any CPU.Build.0 = Debug|Any CPU
		{84D2EF2D-F132-4DA8-8F1E-18F1C8A86BB7}.Release|Any CPU.ActiveCfg = Release|Any CPU
		{84D2EF2D-F132-4DA8-8F1E-18F1C8A86BB7}.Release|Any CPU.Build.0 = Release|Any CPU
	EndGlobalSection
	GlobalSection(SolutionProperties) = preSolution
		HideSolutionNode = FALSE
	EndGlobalSection
	GlobalSection(ExtensibilityGlobals) = postSolution
		SolutionGuid = {E9271E6D-74A4-414C-8BE7-BBAC51191987}
	EndGlobalSection
EndGlobal
